// !$*UTF8*$!
{
	archiveVersion = 1;
	classes = {
	};
	objectVersion = 56;
	objects = {

/* Begin PBXBuildFile section */
		0C2772D129356E8900B9BD92 /* NewRPNApp.swift in Sources */ = {isa = PBXBuildFile; fileRef = 0C2772D029356E8900B9BD92 /* NewRPNApp.swift */; };
		0C2772D329356E8900B9BD92 /* ContentView.swift in Sources */ = {isa = PBXBuildFile; fileRef = 0C2772D229356E8900B9BD92 /* ContentView.swift */; };
		0C2772D529356E8A00B9BD92 /* Assets.xcassets in Resources */ = {isa = PBXBuildFile; fileRef = 0C2772D429356E8A00B9BD92 /* Assets.xcassets */; };
		0C2772D829356E8A00B9BD92 /* Preview Assets.xcassets in Resources */ = {isa = PBXBuildFile; fileRef = 0C2772D729356E8A00B9BD92 /* Preview Assets.xcassets */; };
		0C2772DF2936553100B9BD92 /* KeyPads.swift in Sources */ = {isa = PBXBuildFile; fileRef = 0C2772DE2936553100B9BD92 /* KeyPads.swift */; };
		0C2772E129380B9000B9BD92 /* Stack.swift in Sources */ = {isa = PBXBuildFile; fileRef = 0C2772E029380B9000B9BD92 /* Stack.swift */; };
		0CBA44C9294A40BC000744A4 /* LogicKeypad.swift in Sources */ = {isa = PBXBuildFile; fileRef = 0CBA44C8294A40BC000744A4 /* LogicKeypad.swift */; };
		0CCD6D3E293E24060087B453 /* DecimalKeypad.swift in Sources */ = {isa = PBXBuildFile; fileRef = 0CCD6D3D293E24060087B453 /* DecimalKeypad.swift */; };
		0CCD6D40293FABE10087B453 /* BaseEngineeringKeypad.swift in Sources */ = {isa = PBXBuildFile; fileRef = 0CCD6D3F293FABE10087B453 /* BaseEngineeringKeypad.swift */; };
		0CCD6D42293FAFA20087B453 /* BaseStackKeypad.swift in Sources */ = {isa = PBXBuildFile; fileRef = 0CCD6D41293FAFA20087B453 /* BaseStackKeypad.swift */; };
		0CCD6D4429422CE70087B453 /* IntegerKeypad.swift in Sources */ = {isa = PBXBuildFile; fileRef = 0CCD6D4329422CE70087B453 /* IntegerKeypad.swift */; };
		0CCD6D4629461EFE0087B453 /* Style.swift in Sources */ = {isa = PBXBuildFile; fileRef = 0CCD6D4529461EFE0087B453 /* Style.swift */; };
/* End PBXBuildFile section */

/* Begin PBXFileReference section */
		0C2772CD29356E8900B9BD92 /* NewRPN.app */ = {isa = PBXFileReference; explicitFileType = wrapper.application; includeInIndex = 0; path = NewRPN.app; sourceTree = BUILT_PRODUCTS_DIR; };
		0C2772D029356E8900B9BD92 /* NewRPNApp.swift */ = {isa = PBXFileReference; lastKnownFileType = sourcecode.swift; path = NewRPNApp.swift; sourceTree = "<group>"; };
		0C2772D229356E8900B9BD92 /* ContentView.swift */ = {isa = PBXFileReference; lastKnownFileType = sourcecode.swift; path = ContentView.swift; sourceTree = "<group>"; };
		0C2772D429356E8A00B9BD92 /* Assets.xcassets */ = {isa = PBXFileReference; lastKnownFileType = folder.assetcatalog; path = Assets.xcassets; sourceTree = "<group>"; };
		0C2772D729356E8A00B9BD92 /* Preview Assets.xcassets */ = {isa = PBXFileReference; lastKnownFileType = folder.assetcatalog; path = "Preview Assets.xcassets"; sourceTree = "<group>"; };
		0C2772DE2936553100B9BD92 /* KeyPads.swift */ = {isa = PBXFileReference; lastKnownFileType = sourcecode.swift; path = KeyPads.swift; sourceTree = "<group>"; };
		0C2772E029380B9000B9BD92 /* Stack.swift */ = {isa = PBXFileReference; lastKnownFileType = sourcecode.swift; path = Stack.swift; sourceTree = "<group>"; };
		0CBA44C8294A40BC000744A4 /* LogicKeypad.swift */ = {isa = PBXFileReference; lastKnownFileType = sourcecode.swift; path = LogicKeypad.swift; sourceTree = "<group>"; };
		0CCD6D3D293E24060087B453 /* DecimalKeypad.swift */ = {isa = PBXFileReference; lastKnownFileType = sourcecode.swift; path = DecimalKeypad.swift; sourceTree = "<group>"; };
		0CCD6D3F293FABE10087B453 /* BaseEngineeringKeypad.swift */ = {isa = PBXFileReference; lastKnownFileType = sourcecode.swift; path = BaseEngineeringKeypad.swift; sourceTree = "<group>"; };
		0CCD6D41293FAFA20087B453 /* BaseStackKeypad.swift */ = {isa = PBXFileReference; lastKnownFileType = sourcecode.swift; path = BaseStackKeypad.swift; sourceTree = "<group>"; };
		0CCD6D4329422CE70087B453 /* IntegerKeypad.swift */ = {isa = PBXFileReference; lastKnownFileType = sourcecode.swift; path = IntegerKeypad.swift; sourceTree = "<group>"; };
		0CCD6D4529461EFE0087B453 /* Style.swift */ = {isa = PBXFileReference; lastKnownFileType = sourcecode.swift; path = Style.swift; sourceTree = "<group>"; };
/* End PBXFileReference section */

/* Begin PBXFrameworksBuildPhase section */
		0C2772CA29356E8900B9BD92 /* Frameworks */ = {
			isa = PBXFrameworksBuildPhase;
			buildActionMask = 2147483647;
			files = (
			);
			runOnlyForDeploymentPostprocessing = 0;
		};
/* End PBXFrameworksBuildPhase section */

/* Begin PBXGroup section */
		0C2772C429356E8900B9BD92 = {
			isa = PBXGroup;
			children = (
				0C2772CF29356E8900B9BD92 /* NewRPN */,
				0C2772CE29356E8900B9BD92 /* Products */,
			);
			sourceTree = "<group>";
		};
		0C2772CE29356E8900B9BD92 /* Products */ = {
			isa = PBXGroup;
			children = (
				0C2772CD29356E8900B9BD92 /* NewRPN.app */,
			);
			name = Products;
			sourceTree = "<group>";
		};
		0C2772CF29356E8900B9BD92 /* NewRPN */ = {
			isa = PBXGroup;
			children = (
				0C2772D029356E8900B9BD92 /* NewRPNApp.swift */,
				0C2772D229356E8900B9BD92 /* ContentView.swift */,
				0C2772D429356E8A00B9BD92 /* Assets.xcassets */,
				0C2772D629356E8A00B9BD92 /* Preview Content */,
				0C2772DE2936553100B9BD92 /* KeyPads.swift */,
				0C2772E029380B9000B9BD92 /* Stack.swift */,
				0CCD6D3D293E24060087B453 /* DecimalKeypad.swift */,
				0CCD6D3F293FABE10087B453 /* BaseEngineeringKeypad.swift */,
				0CCD6D41293FAFA20087B453 /* BaseStackKeypad.swift */,
				0CCD6D4329422CE70087B453 /* IntegerKeypad.swift */,
				0CCD6D4529461EFE0087B453 /* Style.swift */,
				0CBA44C8294A40BC000744A4 /* LogicKeypad.swift */,
			);
			path = NewRPN;
			sourceTree = "<group>";
		};
		0C2772D629356E8A00B9BD92 /* Preview Content */ = {
			isa = PBXGroup;
			children = (
				0C2772D729356E8A00B9BD92 /* Preview Assets.xcassets */,
			);
			path = "Preview Content";
			sourceTree = "<group>";
		};
/* End PBXGroup section */

/* Begin PBXNativeTarget section */
		0C2772CC29356E8900B9BD92 /* NewRPN */ = {
			isa = PBXNativeTarget;
			buildConfigurationList = 0C2772DB29356E8A00B9BD92 /* Build configuration list for PBXNativeTarget "NewRPN" */;
			buildPhases = (
				0C2772C929356E8900B9BD92 /* Sources */,
				0C2772CA29356E8900B9BD92 /* Frameworks */,
				0C2772CB29356E8900B9BD92 /* Resources */,
			);
			buildRules = (
			);
			dependencies = (
			);
			name = NewRPN;
			productName = NewRPN;
			productReference = 0C2772CD29356E8900B9BD92 /* NewRPN.app */;
			productType = "com.apple.product-type.application";
		};
/* End PBXNativeTarget section */

/* Begin PBXProject section */
		0C2772C529356E8900B9BD92 /* Project object */ = {
			isa = PBXProject;
			attributes = {
				BuildIndependentTargetsInParallel = 1;
				LastSwiftUpdateCheck = 1410;
				LastUpgradeCheck = 1410;
				TargetAttributes = {
					0C2772CC29356E8900B9BD92 = {
						CreatedOnToolsVersion = 14.1;
					};
				};
			};
			buildConfigurationList = 0C2772C829356E8900B9BD92 /* Build configuration list for PBXProject "NewRPN" */;
			compatibilityVersion = "Xcode 14.0";
			developmentRegion = en;
			hasScannedForEncodings = 0;
			knownRegions = (
				en,
				Base,
			);
			mainGroup = 0C2772C429356E8900B9BD92;
			productRefGroup = 0C2772CE29356E8900B9BD92 /* Products */;
			projectDirPath = "";
			projectRoot = "";
			targets = (
				0C2772CC29356E8900B9BD92 /* NewRPN */,
			);
		};
/* End PBXProject section */

/* Begin PBXResourcesBuildPhase section */
		0C2772CB29356E8900B9BD92 /* Resources */ = {
			isa = PBXResourcesBuildPhase;
			buildActionMask = 2147483647;
			files = (
				0C2772D829356E8A00B9BD92 /* Preview Assets.xcassets in Resources */,
				0C2772D529356E8A00B9BD92 /* Assets.xcassets in Resources */,
			);
			runOnlyForDeploymentPostprocessing = 0;
		};
/* End PBXResourcesBuildPhase section */

/* Begin PBXSourcesBuildPhase section */
		0C2772C929356E8900B9BD92 /* Sources */ = {
			isa = PBXSourcesBuildPhase;
			buildActionMask = 2147483647;
			files = (
				0CCD6D3E293E24060087B453 /* DecimalKeypad.swift in Sources */,
				0C2772E129380B9000B9BD92 /* Stack.swift in Sources */,
				0CBA44C9294A40BC000744A4 /* LogicKeypad.swift in Sources */,
				0C2772D329356E8900B9BD92 /* ContentView.swift in Sources */,
				0C2772D129356E8900B9BD92 /* NewRPNApp.swift in Sources */,
				0CCD6D40293FABE10087B453 /* BaseEngineeringKeypad.swift in Sources */,
				0CCD6D4429422CE70087B453 /* IntegerKeypad.swift in Sources */,
				0C2772DF2936553100B9BD92 /* KeyPads.swift in Sources */,
				0CCD6D4629461EFE0087B453 /* Style.swift in Sources */,
				0CCD6D42293FAFA20087B453 /* BaseStackKeypad.swift in Sources */,
			);
			runOnlyForDeploymentPostprocessing = 0;
		};
/* End PBXSourcesBuildPhase section */

/* Begin XCBuildConfiguration section */
		0C2772D929356E8A00B9BD92 /* Debug */ = {
			isa = XCBuildConfiguration;
			buildSettings = {
				ALWAYS_SEARCH_USER_PATHS = NO;
				CLANG_ANALYZER_NONNULL = YES;
				CLANG_ANALYZER_NUMBER_OBJECT_CONVERSION = YES_AGGRESSIVE;
				CLANG_CXX_LANGUAGE_STANDARD = "gnu++20";
				CLANG_ENABLE_MODULES = YES;
				CLANG_ENABLE_OBJC_ARC = YES;
				CLANG_ENABLE_OBJC_WEAK = YES;
				CLANG_WARN_BLOCK_CAPTURE_AUTORELEASING = YES;
				CLANG_WARN_BOOL_CONVERSION = YES;
				CLANG_WARN_COMMA = YES;
				CLANG_WARN_CONSTANT_CONVERSION = YES;
				CLANG_WARN_DEPRECATED_OBJC_IMPLEMENTATIONS = YES;
				CLANG_WARN_DIRECT_OBJC_ISA_USAGE = YES_ERROR;
				CLANG_WARN_DOCUMENTATION_COMMENTS = YES;
				CLANG_WARN_EMPTY_BODY = YES;
				CLANG_WARN_ENUM_CONVERSION = YES;
				CLANG_WARN_INFINITE_RECURSION = YES;
				CLANG_WARN_INT_CONVERSION = YES;
				CLANG_WARN_NON_LITERAL_NULL_CONVERSION = YES;
				CLANG_WARN_OBJC_IMPLICIT_RETAIN_SELF = YES;
				CLANG_WARN_OBJC_LITERAL_CONVERSION = YES;
				CLANG_WARN_OBJC_ROOT_CLASS = YES_ERROR;
				CLANG_WARN_QUOTED_INCLUDE_IN_FRAMEWORK_HEADER = YES;
				CLANG_WARN_RANGE_LOOP_ANALYSIS = YES;
				CLANG_WARN_STRICT_PROTOTYPES = YES;
				CLANG_WARN_SUSPICIOUS_MOVE = YES;
				CLANG_WARN_UNGUARDED_AVAILABILITY = YES_AGGRESSIVE;
				CLANG_WARN_UNREACHABLE_CODE = YES;
				CLANG_WARN__DUPLICATE_METHOD_MATCH = YES;
				COPY_PHASE_STRIP = NO;
				DEBUG_INFORMATION_FORMAT = dwarf;
				ENABLE_STRICT_OBJC_MSGSEND = YES;
				ENABLE_TESTABILITY = YES;
				GCC_C_LANGUAGE_STANDARD = gnu11;
				GCC_DYNAMIC_NO_PIC = NO;
				GCC_NO_COMMON_BLOCKS = YES;
				GCC_OPTIMIZATION_LEVEL = 0;
				GCC_PREPROCESSOR_DEFINITIONS = (
					"DEBUG=1",
					"$(inherited)",
				);
				GCC_WARN_64_TO_32_BIT_CONVERSION = YES;
				GCC_WARN_ABOUT_RETURN_TYPE = YES_ERROR;
				GCC_WARN_UNDECLARED_SELECTOR = YES;
				GCC_WARN_UNINITIALIZED_AUTOS = YES_AGGRESSIVE;
				GCC_WARN_UNUSED_FUNCTION = YES;
				GCC_WARN_UNUSED_VARIABLE = YES;
				IPHONEOS_DEPLOYMENT_TARGET = 16.1;
				MTL_ENABLE_DEBUG_INFO = INCLUDE_SOURCE;
				MTL_FAST_MATH = YES;
				ONLY_ACTIVE_ARCH = YES;
				SDKROOT = iphoneos;
				SWIFT_ACTIVE_COMPILATION_CONDITIONS = DEBUG;
				SWIFT_OPTIMIZATION_LEVEL = "-Onone";
			};
			name = Debug;
		};
		0C2772DA29356E8A00B9BD92 /* Release */ = {
			isa = XCBuildConfiguration;
			buildSettings = {
				ALWAYS_SEARCH_USER_PATHS = NO;
				CLANG_ANALYZER_NONNULL = YES;
				CLANG_ANALYZER_NUMBER_OBJECT_CONVERSION = YES_AGGRESSIVE;
				CLANG_CXX_LANGUAGE_STANDARD = "gnu++20";
				CLANG_ENABLE_MODULES = YES;
				CLANG_ENABLE_OBJC_ARC = YES;
				CLANG_ENABLE_OBJC_WEAK = YES;
				CLANG_WARN_BLOCK_CAPTURE_AUTORELEASING = YES;
				CLANG_WARN_BOOL_CONVERSION = YES;
				CLANG_WARN_COMMA = YES;
				CLANG_WARN_CONSTANT_CONVERSION = YES;
				CLANG_WARN_DEPRECATED_OBJC_IMPLEMENTATIONS = YES;
				CLANG_WARN_DIRECT_OBJC_ISA_USAGE = YES_ERROR;
				CLANG_WARN_DOCUMENTATION_COMMENTS = YES;
				CLANG_WARN_EMPTY_BODY = YES;
				CLANG_WARN_ENUM_CONVERSION = YES;
				CLANG_WARN_INFINITE_RECURSION = YES;
				CLANG_WARN_INT_CONVERSION = YES;
				CLANG_WARN_NON_LITERAL_NULL_CONVERSION = YES;
				CLANG_WARN_OBJC_IMPLICIT_RETAIN_SELF = YES;
				CLANG_WARN_OBJC_LITERAL_CONVERSION = YES;
				CLANG_WARN_OBJC_ROOT_CLASS = YES_ERROR;
				CLANG_WARN_QUOTED_INCLUDE_IN_FRAMEWORK_HEADER = YES;
				CLANG_WARN_RANGE_LOOP_ANALYSIS = YES;
				CLANG_WARN_STRICT_PROTOTYPES = YES;
				CLANG_WARN_SUSPICIOUS_MOVE = YES;
				CLANG_WARN_UNGUARDED_AVAILABILITY = YES_AGGRESSIVE;
				CLANG_WARN_UNREACHABLE_CODE = YES;
				CLANG_WARN__DUPLICATE_METHOD_MATCH = YES;
				COPY_PHASE_STRIP = NO;
				DEBUG_INFORMATION_FORMAT = "dwarf-with-dsym";
				ENABLE_NS_ASSERTIONS = NO;
				ENABLE_STRICT_OBJC_MSGSEND = YES;
				GCC_C_LANGUAGE_STANDARD = gnu11;
				GCC_NO_COMMON_BLOCKS = YES;
				GCC_WARN_64_TO_32_BIT_CONVERSION = YES;
				GCC_WARN_ABOUT_RETURN_TYPE = YES_ERROR;
				GCC_WARN_UNDECLARED_SELECTOR = YES;
				GCC_WARN_UNINITIALIZED_AUTOS = YES_AGGRESSIVE;
				GCC_WARN_UNUSED_FUNCTION = YES;
				GCC_WARN_UNUSED_VARIABLE = YES;
				IPHONEOS_DEPLOYMENT_TARGET = 16.1;
				MTL_ENABLE_DEBUG_INFO = NO;
				MTL_FAST_MATH = YES;
				SDKROOT = iphoneos;
				SWIFT_COMPILATION_MODE = wholemodule;
				SWIFT_OPTIMIZATION_LEVEL = "-O";
				VALIDATE_PRODUCT = YES;
			};
			name = Release;
		};
		0C2772DC29356E8A00B9BD92 /* Debug */ = {
			isa = XCBuildConfiguration;
			buildSettings = {
				ASSETCATALOG_COMPILER_APPICON_NAME = AppIcon;
				ASSETCATALOG_COMPILER_GLOBAL_ACCENT_COLOR_NAME = AccentColor;
				CODE_SIGN_STYLE = Automatic;
				CURRENT_PROJECT_VERSION = 1;
				DEVELOPMENT_ASSET_PATHS = "\"NewRPN/Preview Content\"";
				DEVELOPMENT_TEAM = 48Q63RP5WE;
				ENABLE_PREVIEWS = YES;
				GENERATE_INFOPLIST_FILE = YES;
				INFOPLIST_KEY_UIApplicationSceneManifest_Generation = YES;
				INFOPLIST_KEY_UIApplicationSupportsIndirectInputEvents = YES;
				INFOPLIST_KEY_UILaunchScreen_Generation = YES;
				INFOPLIST_KEY_UISupportedInterfaceOrientations_iPad = "UIInterfaceOrientationPortrait UIInterfaceOrientationPortraitUpsideDown UIInterfaceOrientationLandscapeLeft UIInterfaceOrientationLandscapeRight";
				INFOPLIST_KEY_UISupportedInterfaceOrientations_iPhone = "UIInterfaceOrientationPortrait UIInterfaceOrientationLandscapeLeft UIInterfaceOrientationLandscapeRight";
				LD_RUNPATH_SEARCH_PATHS = (
					"$(inherited)",
					"@executable_path/Frameworks",
				);
				MARKETING_VERSION = 1.0;
				PRODUCT_BUNDLE_IDENTIFIER = com.jib.NewRPN;
				PRODUCT_NAME = "$(TARGET_NAME)";
				SWIFT_EMIT_LOC_STRINGS = YES;
				SWIFT_VERSION = 5.0;
				TARGETED_DEVICE_FAMILY = "1,2";
			};
			name = Debug;
		};
		0C2772DD29356E8A00B9BD92 /* Release */ = {
			isa = XCBuildConfiguration;
			buildSettings = {
				ASSETCATALOG_COMPILER_APPICON_NAME = AppIcon;
				ASSETCATALOG_COMPILER_GLOBAL_ACCENT_COLOR_NAME = AccentColor;
				CODE_SIGN_STYLE = Automatic;
				CURRENT_PROJECT_VERSION = 1;
				DEVELOPMENT_ASSET_PATHS = "\"NewRPN/Preview Content\"";
				DEVELOPMENT_TEAM = 48Q63RP5WE;
				ENABLE_PREVIEWS = YES;
				GENERATE_INFOPLIST_FILE = YES;
				INFOPLIST_KEY_UIApplicationSceneManifest_Generation = YES;
				INFOPLIST_KEY_UIApplicationSupportsIndirectInputEvents = YES;
				INFOPLIST_KEY_UILaunchScreen_Generation = YES;
				INFOPLIST_KEY_UISupportedInterfaceOrientations_iPad = "UIInterfaceOrientationPortrait UIInterfaceOrientationPortraitUpsideDown UIInterfaceOrientationLandscapeLeft UIInterfaceOrientationLandscapeRight";
				INFOPLIST_KEY_UISupportedInterfaceOrientations_iPhone = "UIInterfaceOrientationPortrait UIInterfaceOrientationLandscapeLeft UIInterfaceOrientationLandscapeRight";
				LD_RUNPATH_SEARCH_PATHS = (
					"$(inherited)",
					"@executable_path/Frameworks",
				);
				MARKETING_VERSION = 1.0;
				PRODUCT_BUNDLE_IDENTIFIER = com.jib.NewRPN;
				PRODUCT_NAME = "$(TARGET_NAME)";
				SWIFT_EMIT_LOC_STRINGS = YES;
				SWIFT_VERSION = 5.0;
				TARGETED_DEVICE_FAMILY = "1,2";
			};
			name = Release;
		};
/* End XCBuildConfiguration section */

/* Begin XCConfigurationList section */
		0C2772C829356E8900B9BD92 /* Build configuration list for PBXProject "NewRPN" */ = {
			isa = XCConfigurationList;
			buildConfigurations = (
				0C2772D929356E8A00B9BD92 /* Debug */,
				0C2772DA29356E8A00B9BD92 /* Release */,
			);
			defaultConfigurationIsVisible = 0;
			defaultConfigurationName = Release;
		};
		0C2772DB29356E8A00B9BD92 /* Build configuration list for PBXNativeTarget "NewRPN" */ = {
			isa = XCConfigurationList;
			buildConfigurations = (
				0C2772DC29356E8A00B9BD92 /* Debug */,
				0C2772DD29356E8A00B9BD92 /* Release */,
			);
			defaultConfigurationIsVisible = 0;
			defaultConfigurationName = Release;
		};
/* End XCConfigurationList section */
	};
	rootObject = 0C2772C529356E8900B9BD92 /* Project object */;
}
